
Microsoft Visual Studio Solution File, Format Version 12.00
# Visual Studio Version 17
VisualStudioVersion = 17.5.002.0
MinimumVisualStudioVersion = 10.0.40219.1
Project("{9A19103F-16F7-4668-BE54-9A1E7A4F7556}") = "test_back_end", "test_back_end.csproj", "{4C020DBF-21AC-4FC5-A2E9-BA2D694745D6}"
EndProject
Global
	GlobalSection(SolutionConfigurationPlatforms) = preSolution
		Debug|Any CPU = Debug|Any CPU
		Release|Any CPU = Release|Any CPU
	EndGlobalSection
	GlobalSection(ProjectConfigurationPlatforms) = postSolution
		{4C020DBF-21AC-4FC5-A2E9-BA2D694745D6}.Debug|Any CPU.ActiveCfg = Debug|Any CPU
		{4C020DBF-21AC-4FC5-A2E9-BA2D694745D6}.Debug|Any CPU.Build.0 = Debug|Any CPU
		{4C020DBF-21AC-4FC5-A2E9-BA2D694745D6}.Release|Any CPU.ActiveCfg = Release|Any CPU
		{4C020DBF-21AC-4FC5-A2E9-BA2D694745D6}.Release|Any CPU.Build.0 = Release|Any CPU
	EndGlobalSection
	GlobalSection(SolutionProperties) = preSolution
		HideSolutionNode = FALSE
	EndGlobalSection
	GlobalSection(ExtensibilityGlobals) = postSolution
		SolutionGuid = {2F5DE6D2-B4E7-4835-9988-A86E535E2B04}
	EndGlobalSection
EndGlobal
